
Microsoft Visual Studio Solution File, Format Version 12.00
Project("{FAE04EC0-301F-11D3-BF4B-00C04F79EFBC}") = "SimpleAPI", "SimpleAPI\SimpleAPI.csproj", "{1C1BC5F1-032E-4676-8827-F7D9C1BFF0F3}"
EndProject
Project("{FAE04EC0-301F-11D3-BF4B-00C04F79EFBC}") = "SimpleAPI.IntegrationTests", "SimpleAPI.IntegrationTests\SimpleAPI.IntegrationTests.csproj", "{6C4B432A-E591-47E6-B53B-35FFFC6BA539}"
EndProject
Global
	GlobalSection(SolutionConfigurationPlatforms) = preSolution
		Debug|Any CPU = Debug|Any CPU
		Release|Any CPU = Release|Any CPU
	EndGlobalSection
	GlobalSection(ProjectConfigurationPlatforms) = postSolution
		{1C1BC5F1-032E-4676-8827-F7D9C1BFF0F3}.Debug|Any CPU.ActiveCfg = Debug|Any CPU
		{1C1BC5F1-032E-4676-8827-F7D9C1BFF0F3}.Debug|Any CPU.Build.0 = Debug|Any CPU
		{1C1BC5F1-032E-4676-8827-F7D9C1BFF0F3}.Release|Any CPU.ActiveCfg = Release|Any CPU
		{1C1BC5F1-032E-4676-8827-F7D9C1BFF0F3}.Release|Any CPU.Build.0 = Release|Any CPU
		{6C4B432A-E591-47E6-B53B-35FFFC6BA539}.Debug|Any CPU.ActiveCfg = Debug|Any CPU
		{6C4B432A-E591-47E6-B53B-35FFFC6BA539}.Debug|Any CPU.Build.0 = Debug|Any CPU
		{6C4B432A-E591-47E6-B53B-35FFFC6BA539}.Release|Any CPU.ActiveCfg = Release|Any CPU
		{6C4B432A-E591-47E6-B53B-35FFFC6BA539}.Release|Any CPU.Build.0 = Release|Any CPU
	EndGlobalSection
EndGlobal
